<?xml version="1.0" encoding="utf-8"?>
<Project ToolsVersion="4.0" xmlns="http://schemas.microsoft.com/developer/msbuild/2003">
  <ItemGroup>
    <Filter Include="Headerdateien">
      <UniqueIdentifier>{93995380-89BD-4b04-88EB-625FBE52EBFB}</UniqueIdentifier>
      <Extensions>h;hpp;hxx;hm;inl;inc;xsd</Extensions>
    </Filter>
    <Filter Include="Dokumentationsdateien">
      <UniqueIdentifier>{64cee319-aa66-42b8-9864-c29216199535}</UniqueIdentifier>
      <Extensions>dox;md</Extensions>
    </Filter>
  </ItemGroup>
  <ItemGroup>
    <ClInclude Include="doc\half.hpp">
      <Filter>Dokumentationsdateien</Filter>
    </ClInclude>
    <ClInclude Include="include\half.hpp">
      <Filter>Headerdateien</Filter>
    </ClInclude>
  </ItemGroup>
  <ItemGroup>
    <None Include="Doxyfile">
      <Filter>Dokumentationsdateien</Filter>
    </None>
    <None Include="ProjectWeb">
      <Filter>Dokumentationsdateien</Filter>
    </None>
    <None Include="doc\ProjectWeb.md">
      <Filter>Dokumentationsdateien</Filter>
    </None>
  </ItemGroup>
</Project>